
Microsoft Visual Studio Solution File, Format Version 12.00
# Visual Studio Version 16
VisualStudioVersion = 16.0.30523.141
MinimumVisualStudioVersion = 10.0.40219.1
Project("{FAE04EC0-301F-11D3-BF4B-00C04F79EFBC}") = "server", "server\server.csproj", "{500251BE-BD3E-4C94-AF9F-17BC46D57187}"
EndProject
Global
	GlobalSection(SolutionConfigurationPlatforms) = preSolution
		Debug|Any CPU = Debug|Any CPU
		Release|Any CPU = Release|Any CPU
	EndGlobalSection
	GlobalSection(ProjectConfigurationPlatforms) = postSolution
		{500251BE-BD3E-4C94-AF9F-17BC46D57187}.Debug|Any CPU.ActiveCfg = Debug|Any CPU
		{500251BE-BD3E-4C94-AF9F-17BC46D57187}.Debug|Any CPU.Build.0 = Debug|Any CPU
		{500251BE-BD3E-4C94-AF9F-17BC46D57187}.Release|Any CPU.ActiveCfg = Release|Any CPU
		{500251BE-BD3E-4C94-AF9F-17BC46D57187}.Release|Any CPU.Build.0 = Release|Any CPU
	EndGlobalSection
	GlobalSection(SolutionProperties) = preSolution
		HideSolutionNode = FALSE
	EndGlobalSection
	GlobalSection(ExtensibilityGlobals) = postSolution
		SolutionGuid = {673848B9-1D7D-4403-94A7-3B4151B6C813}
	EndGlobalSection
EndGlobal
